
Microsoft Visual Studio Solution File, Format Version 12.00
# Visual Studio 15
VisualStudioVersion = 15.0.28307.757
MinimumVisualStudioVersion = 10.0.40219.1
Project("{FAE04EC0-301F-11D3-BF4B-00C04F79EFBC}") = "OnlineClothing", "OnlineClothing\OnlineClothing.csproj", "{B1B4A2C7-BCA1-4B0C-9627-BDAE716B7D8D}"
EndProject
Global
	GlobalSection(SolutionConfigurationPlatforms) = preSolution
		Debug|Any CPU = Debug|Any CPU
		Release|Any CPU = Release|Any CPU
	EndGlobalSection
	GlobalSection(ProjectConfigurationPlatforms) = postSolution
		{B1B4A2C7-BCA1-4B0C-9627-BDAE716B7D8D}.Debug|Any CPU.ActiveCfg = Debug|Any CPU
		{B1B4A2C7-BCA1-4B0C-9627-BDAE716B7D8D}.Debug|Any CPU.Build.0 = Debug|Any CPU
		{B1B4A2C7-BCA1-4B0C-9627-BDAE716B7D8D}.Release|Any CPU.ActiveCfg = Release|Any CPU
		{B1B4A2C7-BCA1-4B0C-9627-BDAE716B7D8D}.Release|Any CPU.Build.0 = Release|Any CPU
	EndGlobalSection
	GlobalSection(SolutionProperties) = preSolution
		HideSolutionNode = FALSE
	EndGlobalSection
	GlobalSection(ExtensibilityGlobals) = postSolution
		SolutionGuid = {AE329FE2-EDB8-4D0E-9F3A-10F91A6B2E69}
	EndGlobalSection
EndGlobal
